
Microsoft Visual Studio Solution File, Format Version 12.00
# Visual Studio 15
Project("{FAE04EC0-301F-11D3-BF4B-00C04F79EFBC}") = "Assembly-CSharp", "Assembly-CSharp.csproj", "{3045ED97-E891-4E08-8578-892DBD2AD0D7}"
EndProject
Project("{FAE04EC0-301F-11D3-BF4B-00C04F79EFBC}") = "NavMeshPlusEditor", "NavMeshPlusEditor.csproj", "{083A09AA-2CF2-D576-BDB1-767D067CADE5}"
EndProject
Project("{FAE04EC0-301F-11D3-BF4B-00C04F79EFBC}") = "NavMeshPlus", "NavMeshPlus.csproj", "{0A172B73-1819-C26C-2704-229EFD7CC648}"
EndProject
Project("{FAE04EC0-301F-11D3-BF4B-00C04F79EFBC}") = "Assembly-CSharp-Editor", "Assembly-CSharp-Editor.csproj", "{341FB8E6-D867-F060-3B4A-F3BF615C376B}"
EndProject
Global
	GlobalSection(SolutionConfigurationPlatforms) = preSolution
		Debug|Any CPU = Debug|Any CPU
		Release|Any CPU = Release|Any CPU
	EndGlobalSection
	GlobalSection(ProjectConfigurationPlatforms) = postSolution
		{3045ED97-E891-4E08-8578-892DBD2AD0D7}.Debug|Any CPU.ActiveCfg = Debug|Any CPU
		{3045ED97-E891-4E08-8578-892DBD2AD0D7}.Debug|Any CPU.Build.0 = Debug|Any CPU
		{3045ED97-E891-4E08-8578-892DBD2AD0D7}.Release|Any CPU.ActiveCfg = Release|Any CPU
		{3045ED97-E891-4E08-8578-892DBD2AD0D7}.Release|Any CPU.Build.0 = Release|Any CPU
		{083A09AA-2CF2-D576-BDB1-767D067CADE5}.Debug|Any CPU.ActiveCfg = Debug|Any CPU
		{083A09AA-2CF2-D576-BDB1-767D067CADE5}.Debug|Any CPU.Build.0 = Debug|Any CPU
		{083A09AA-2CF2-D576-BDB1-767D067CADE5}.Release|Any CPU.ActiveCfg = Release|Any CPU
		{083A09AA-2CF2-D576-BDB1-767D067CADE5}.Release|Any CPU.Build.0 = Release|Any CPU
		{0A172B73-1819-C26C-2704-229EFD7CC648}.Debug|Any CPU.ActiveCfg = Debug|Any CPU
		{0A172B73-1819-C26C-2704-229EFD7CC648}.Debug|Any CPU.Build.0 = Debug|Any CPU
		{0A172B73-1819-C26C-2704-229EFD7CC648}.Release|Any CPU.ActiveCfg = Release|Any CPU
		{0A172B73-1819-C26C-2704-229EFD7CC648}.Release|Any CPU.Build.0 = Release|Any CPU
		{341FB8E6-D867-F060-3B4A-F3BF615C376B}.Debug|Any CPU.ActiveCfg = Debug|Any CPU
		{341FB8E6-D867-F060-3B4A-F3BF615C376B}.Debug|Any CPU.Build.0 = Debug|Any CPU
		{341FB8E6-D867-F060-3B4A-F3BF615C376B}.Release|Any CPU.ActiveCfg = Release|Any CPU
		{341FB8E6-D867-F060-3B4A-F3BF615C376B}.Release|Any CPU.Build.0 = Release|Any CPU
	EndGlobalSection
	GlobalSection(SolutionProperties) = preSolution
		HideSolutionNode = FALSE
	EndGlobalSection
EndGlobal
